
Microsoft Visual Studio Solution File, Format Version 12.00
# Visual Studio Version 17
VisualStudioVersion = 17.12.35707.178 d17.12
MinimumVisualStudioVersion = 10.0.40219.1
Project("{FAE04EC0-301F-11D3-BF4B-00C04F79EFBC}") = "pastisseria-backend", "pastisseria-backend.csproj", "{9E9F43C3-29B7-4525-AA15-D983E130F78F}"
EndProject
Project("{2150E333-8FDC-42A3-9474-1A3956D46DE8}") = "Elementos de la solución", "Elementos de la solución", "{311BD39B-8097-4825-A561-EE9E9FE753A9}"
	ProjectSection(SolutionItems) = preProject
		databaseController.cs = databaseController.cs
	EndProjectSection
EndProject
Global
	GlobalSection(SolutionConfigurationPlatforms) = preSolution
		Debug|Any CPU = Debug|Any CPU
		Release|Any CPU = Release|Any CPU
	EndGlobalSection
	GlobalSection(ProjectConfigurationPlatforms) = postSolution
		{9E9F43C3-29B7-4525-AA15-D983E130F78F}.Debug|Any CPU.ActiveCfg = Debug|Any CPU
		{9E9F43C3-29B7-4525-AA15-D983E130F78F}.Debug|Any CPU.Build.0 = Debug|Any CPU
		{9E9F43C3-29B7-4525-AA15-D983E130F78F}.Release|Any CPU.ActiveCfg = Release|Any CPU
		{9E9F43C3-29B7-4525-AA15-D983E130F78F}.Release|Any CPU.Build.0 = Release|Any CPU
	EndGlobalSection
	GlobalSection(SolutionProperties) = preSolution
		HideSolutionNode = FALSE
	EndGlobalSection
EndGlobal
